
Microsoft Visual Studio Solution File, Format Version 12.00
# Visual Studio Version 17
VisualStudioVersion = 17.8.34525.116
MinimumVisualStudioVersion = 10.0.40219.1
Project("{FAE04EC0-301F-11D3-BF4B-00C04F79EFBC}") = "BrosMed Insurance", "BrosMed Insurance\BrosMed Insurance.csproj", "{5884F53C-2EDF-4EDE-9CFD-66324F5DD1FE}"
EndProject
Global
	GlobalSection(SolutionConfigurationPlatforms) = preSolution
		Debug|Any CPU = Debug|Any CPU
		Release|Any CPU = Release|Any CPU
	EndGlobalSection
	GlobalSection(ProjectConfigurationPlatforms) = postSolution
		{5884F53C-2EDF-4EDE-9CFD-66324F5DD1FE}.Debug|Any CPU.ActiveCfg = Debug|Any CPU
		{5884F53C-2EDF-4EDE-9CFD-66324F5DD1FE}.Debug|Any CPU.Build.0 = Debug|Any CPU
		{5884F53C-2EDF-4EDE-9CFD-66324F5DD1FE}.Release|Any CPU.ActiveCfg = Release|Any CPU
		{5884F53C-2EDF-4EDE-9CFD-66324F5DD1FE}.Release|Any CPU.Build.0 = Release|Any CPU
	EndGlobalSection
	GlobalSection(SolutionProperties) = preSolution
		HideSolutionNode = FALSE
	EndGlobalSection
	GlobalSection(ExtensibilityGlobals) = postSolution
		SolutionGuid = {3B0B4B9C-C6C3-4E2B-979E-76BDF86FB987}
	EndGlobalSection
EndGlobal
